
Microsoft Visual Studio Solution File, Format Version 12.00
# Visual Studio 14
VisualStudioVersion = 14.0.25420.1
MinimumVisualStudioVersion = 10.0.40219.1
Project("{FAE04EC0-301F-11D3-BF4B-00C04F79EFBC}") = "Dashujv", "Dashujv\Dashujv.csproj", "{3BF9A0BE-EB95-4C53-938B-2F5D1FB24ACB}"
EndProject
Project("{FAE04EC0-301F-11D3-BF4B-00C04F79EFBC}") = "WindowsFormsApplication1", "WindowsFormsApplication1\WindowsFormsApplication1.csproj", "{44D75573-C98D-43D4-8688-102924F8FEDC}"
EndProject
Global
	GlobalSection(SolutionConfigurationPlatforms) = preSolution
		Debug|Any CPU = Debug|Any CPU
		Debug|x86 = Debug|x86
		Release|Any CPU = Release|Any CPU
		Release|x86 = Release|x86
	EndGlobalSection
	GlobalSection(ProjectConfigurationPlatforms) = postSolution
		{3BF9A0BE-EB95-4C53-938B-2F5D1FB24ACB}.Debug|Any CPU.ActiveCfg = Debug|Any CPU
		{3BF9A0BE-EB95-4C53-938B-2F5D1FB24ACB}.Debug|Any CPU.Build.0 = Debug|Any CPU
		{3BF9A0BE-EB95-4C53-938B-2F5D1FB24ACB}.Debug|x86.ActiveCfg = Debug|Any CPU
		{3BF9A0BE-EB95-4C53-938B-2F5D1FB24ACB}.Debug|x86.Build.0 = Debug|Any CPU
		{3BF9A0BE-EB95-4C53-938B-2F5D1FB24ACB}.Release|Any CPU.ActiveCfg = Release|Any CPU
		{3BF9A0BE-EB95-4C53-938B-2F5D1FB24ACB}.Release|Any CPU.Build.0 = Release|Any CPU
		{3BF9A0BE-EB95-4C53-938B-2F5D1FB24ACB}.Release|x86.ActiveCfg = Release|Any CPU
		{3BF9A0BE-EB95-4C53-938B-2F5D1FB24ACB}.Release|x86.Build.0 = Release|Any CPU
		{44D75573-C98D-43D4-8688-102924F8FEDC}.Debug|Any CPU.ActiveCfg = Debug|Any CPU
		{44D75573-C98D-43D4-8688-102924F8FEDC}.Debug|Any CPU.Build.0 = Debug|Any CPU
		{44D75573-C98D-43D4-8688-102924F8FEDC}.Debug|x86.ActiveCfg = Debug|Any CPU
		{44D75573-C98D-43D4-8688-102924F8FEDC}.Debug|x86.Build.0 = Debug|Any CPU
		{44D75573-C98D-43D4-8688-102924F8FEDC}.Release|Any CPU.ActiveCfg = Release|Any CPU
		{44D75573-C98D-43D4-8688-102924F8FEDC}.Release|Any CPU.Build.0 = Release|Any CPU
		{44D75573-C98D-43D4-8688-102924F8FEDC}.Release|x86.ActiveCfg = Release|Any CPU
		{44D75573-C98D-43D4-8688-102924F8FEDC}.Release|x86.Build.0 = Release|Any CPU
	EndGlobalSection
	GlobalSection(SolutionProperties) = preSolution
		HideSolutionNode = FALSE
	EndGlobalSection
EndGlobal
